
Microsoft Visual Studio Solution File, Format Version 12.00
# Visual Studio Version 17
VisualStudioVersion = 17.6.33815.320
MinimumVisualStudioVersion = 10.0.40219.1
Project("{8BC9CEB8-8B4A-11D0-8D11-00A0C91BC942}") = "bai18_tinhsothoc", "bai18_tinhsothoc.vcxproj", "{FA23B8E5-BE3C-42EC-BAFD-5B3923326D19}"
EndProject
Global
	GlobalSection(SolutionConfigurationPlatforms) = preSolution
		Debug|x64 = Debug|x64
		Debug|x86 = Debug|x86
		Release|x64 = Release|x64
		Release|x86 = Release|x86
	EndGlobalSection
	GlobalSection(ProjectConfigurationPlatforms) = postSolution
		{FA23B8E5-BE3C-42EC-BAFD-5B3923326D19}.Debug|x64.ActiveCfg = Debug|x64
		{FA23B8E5-BE3C-42EC-BAFD-5B3923326D19}.Debug|x64.Build.0 = Debug|x64
		{FA23B8E5-BE3C-42EC-BAFD-5B3923326D19}.Debug|x86.ActiveCfg = Debug|Win32
		{FA23B8E5-BE3C-42EC-BAFD-5B3923326D19}.Debug|x86.Build.0 = Debug|Win32
		{FA23B8E5-BE3C-42EC-BAFD-5B3923326D19}.Release|x64.ActiveCfg = Release|x64
		{FA23B8E5-BE3C-42EC-BAFD-5B3923326D19}.Release|x64.Build.0 = Release|x64
		{FA23B8E5-BE3C-42EC-BAFD-5B3923326D19}.Release|x86.ActiveCfg = Release|Win32
		{FA23B8E5-BE3C-42EC-BAFD-5B3923326D19}.Release|x86.Build.0 = Release|Win32
	EndGlobalSection
	GlobalSection(SolutionProperties) = preSolution
		HideSolutionNode = FALSE
	EndGlobalSection
	GlobalSection(ExtensibilityGlobals) = postSolution
		SolutionGuid = {5F9CD562-4E70-42A7-A729-44CADBEEBBA5}
	EndGlobalSection
EndGlobal
